{"SurveyEntry":{"SurveyID":"SV_efx4NzMCrIxukmi","SurveyName":"qbutterfly template","SurveyDescription":null,"SurveyOwnerID":"UR_bwkN26EP5a6ZeLP","SurveyBrandID":"immzhaw","DivisionID":null,"SurveyLanguage":"EN-GB","SurveyActiveResponseSet":"RS_6mb0vYExo0zkhIq","SurveyStatus":"Active","SurveyStartDate":"0000-00-00 00:00:00","SurveyExpirationDate":"0000-00-00 00:00:00","SurveyCreationDate":"2021-08-17 03:34:50","CreatorID":"UR_bwkN26EP5a6ZeLP","LastModified":"2021-08-31 10:31:09","LastAccessed":"0000-00-00 00:00:00","LastActivated":"2021-08-17 03:37:35","Deleted":null},"SurveyElements":[{"SurveyID":"SV_efx4NzMCrIxukmi","Element":"BL","PrimaryAttribute":"Survey Blocks","SecondaryAttribute":null,"TertiaryAttribute":null,"Payload":{"1":{"Type":"Trash","Description":"Trash \/ Unused Questions","ID":"BL_38cPtUwG6IfVvtr","BlockElements":[{"Type":"Question","QuestionID":"QID199"}],"Options":{"BlockLocking":"false","RandomizeQuestions":"false","BlockVisibility":"Collapsed"}},"41":{"Type":"Standard","SubType":"","Description":"Template","ID":"BL_0JwTikmo2yltOqV","BlockElements":[{"Type":"Question","QuestionID":"QID311"},{"Type":"Question","QuestionID":"QID312"},{"Type":"Question","QuestionID":"QID197"},{"Type":"Page Break"},{"Type":"Question","QuestionID":"QID313"}],"Options":{"BlockLocking":"false","RandomizeQuestions":"false","BlockVisibility":"Expanded"}}}},{"SurveyID":"SV_efx4NzMCrIxukmi","Element":"FL","PrimaryAttribute":"Survey Flow","SecondaryAttribute":null,"TertiaryAttribute":null,"Payload":{"Type":"Root","FlowID":"FL_1","Flow":[{"Type":"EmbeddedData","FlowID":"FL_165","EmbeddedData":[{"Description":"windowHeight","Type":"Custom","Field":"windowHeight","VariableType":"String","DataVisibility":[],"AnalyzeText":false,"Value":"400"},{"Description":"windowWidth","Type":"Custom","Field":"windowWidth","VariableType":"String","DataVisibility":[],"AnalyzeText":false,"Value":"400"},{"Description":"windowBorder","Type":"Custom","Field":"windowBorder","VariableType":"String","DataVisibility":[],"AnalyzeText":false,"Value":"1"},{"Description":"windowScroll","Type":"Custom","Field":"windowScroll","VariableType":"String","DataVisibility":[],"AnalyzeText":false,"Value":"no"},{"Description":"windowURL","Type":"Custom","Field":"windowURL","VariableType":"String","DataVisibility":[],"AnalyzeText":false,"Value":"https:\/\/qbutterfly.github.io\/control.html"},{"Description":"Create a New Field or Choose from the Drop-down...","Type":"Recipient","Field":"Create a New Field or Choose from the Drop-down...","VariableType":"String","DataVisibility":[],"AnalyzeText":false}]},{"Type":"Standard","ID":"BL_0JwTikmo2yltOqV","FlowID":"FL_150","Autofill":[]},{"Type":"EndSurvey","FlowID":"FL_27","EndingType":"Advanced","Options":{"Advanced":"true","SurveyTermination":"DefaultMessage","EOSRedirectURL":"https:\/\/app.prolific.co\/submissions\/complete?cc=1DEABCDA","EOSMessageLibrary":"UR_bwkN26EP5a6ZeLP","EOSMessage":"MS_0OGYZZhwGlzMaKW"}}],"Properties":{"Count":170,"RemovedFieldsets":[]}}},{"SurveyID":"SV_efx4NzMCrIxukmi","Element":"NT","PrimaryAttribute":"NT_1SWFAunPsrr2cgS","SecondaryAttribute":null,"TertiaryAttribute":null,"Payload":{"Notes":[{"Message":"Milne 2002, adapted by Boos 2015","ID":"NO_7WZUDDceFwmsu3k","UserID":"UR_bwkN26EP5a6ZeLP","Timestamp":1612192825,"Removed":true}],"UserStatuses":{"UR_bwkN26EP5a6ZeLP":"Expanded"},"ParentID":"QID247","ID":"NT_1SWFAunPsrr2cgS"}},{"SurveyID":"SV_efx4NzMCrIxukmi","Element":"NT","PrimaryAttribute":"NT_2boXsdy1txVXAcS","SecondaryAttribute":null,"TertiaryAttribute":null,"Payload":{"Notes":[{"Message":"Milne 2002, adapted by Boos 2015","ID":"NO_6R1D7SV5D0PEQFo","UserID":"UR_bwkN26EP5a6ZeLP","Timestamp":1612190880,"Removed":true}],"UserStatuses":{"UR_bwkN26EP5a6ZeLP":"Expanded"},"ParentID":"QID243","ID":"NT_2boXsdy1txVXAcS"}},{"SurveyID":"SV_efx4NzMCrIxukmi","Element":"NT","PrimaryAttribute":"NT_2rfsJhGrBPxTgsB","SecondaryAttribute":null,"TertiaryAttribute":null,"Payload":{"Notes":[{"Message":"Dinev \/ Hart 2013","ID":"NO_3HPLBKSSqC4p0b3","UserID":"UR_bwkN26EP5a6ZeLP","Timestamp":1578572255,"Removed":true},{"Message":"Dinev 2012","ID":"NO_byzCaFISFLzY9tb","UserID":"UR_bwkN26EP5a6ZeLP","Timestamp":1578572587,"Removed":false}],"UserStatuses":{"UR_bwkN26EP5a6ZeLP":"Expanded"},"ParentID":"QID130","ID":"NT_2rfsJhGrBPxTgsB"}},{"SurveyID":"SV_efx4NzMCrIxukmi","Element":"NT","PrimaryAttribute":"NT_6rLNFn7kFWrBxgq","SecondaryAttribute":null,"TertiaryAttribute":null,"Payload":{"Notes":[{"Message":"Milne 2002","ID":"NO_e4FCq44QIGlwdUO","UserID":"UR_bwkN26EP5a6ZeLP","Timestamp":1612190457,"Removed":true}],"UserStatuses":{"UR_bwkN26EP5a6ZeLP":"Expanded"},"ParentID":"QID239","ID":"NT_6rLNFn7kFWrBxgq"}},{"SurveyID":"SV_efx4NzMCrIxukmi","Element":"NT","PrimaryAttribute":"NT_72I1kPrT1SZAyAm","SecondaryAttribute":null,"TertiaryAttribute":null,"Payload":{"Notes":[{"Message":"Milne 2002","ID":"NO_37VLGGp0oaNXd7E","UserID":"UR_bwkN26EP5a6ZeLP","Timestamp":1612189230,"Removed":true}],"UserStatuses":{"UR_bwkN26EP5a6ZeLP":"Expanded"},"ParentID":"QID238","ID":"NT_72I1kPrT1SZAyAm"}},{"SurveyID":"SV_efx4NzMCrIxukmi","Element":"NT","PrimaryAttribute":"NT_80wfGN5ikG0qbRA","SecondaryAttribute":null,"TertiaryAttribute":null,"Payload":{"Notes":[{"Message":"This timer is necessary to measure the whole time exposed to the stimulus and to measure the intervall between the last click in the stimulus and the click on the next button.","ID":"NO_aav66QsVPHHq8WG","UserID":"UR_bwkN26EP5a6ZeLP","Timestamp":1629210096,"Removed":true},{"Message":"This timer is necessary to measure the a) the total exposure to the stimulus and b) the interval between the last click of the stimulus website and the click on the next button.","ID":"NO_0wAeRlGGqYhJQvs","UserID":"UR_bwkN26EP5a6ZeLP","Timestamp":1629210200,"Removed":true}],"UserStatuses":{"UR_bwkN26EP5a6ZeLP":"Expanded"},"ParentID":"QID312","ID":"NT_80wfGN5ikG0qbRA"}},{"SurveyID":"SV_efx4NzMCrIxukmi","Element":"NT","PrimaryAttribute":"NT_8qAqbqEFjmqAqzA","SecondaryAttribute":null,"TertiaryAttribute":null,"Payload":{"Notes":[{"Message":"Milne 2002, adapted by Boos 2015","ID":"NO_eKjP4prZOKuRDsG","UserID":"UR_bwkN26EP5a6ZeLP","Timestamp":1612190884,"Removed":true}],"UserStatuses":{"UR_bwkN26EP5a6ZeLP":"Expanded"},"ParentID":"QID244","ID":"NT_8qAqbqEFjmqAqzA"}},{"SurveyID":"SV_efx4NzMCrIxukmi","Element":"NT","PrimaryAttribute":"NT_9L8YywAwM5XBFm5","SecondaryAttribute":null,"TertiaryAttribute":null,"Payload":{"Notes":[{"Message":"Anderson\/Agarwal 2011","ID":"NO_dii30Aukrae4hi5","UserID":"UR_bwkN26EP5a6ZeLP","Timestamp":1578573422,"Removed":true},{"Message":"Malhotra, aber auf 2 reduziert","ID":"NO_03qgrx2F0LKQQG9","UserID":"UR_bwkN26EP5a6ZeLP","Timestamp":1578574409,"Removed":false}],"UserStatuses":{"UR_bwkN26EP5a6ZeLP":"Expanded"},"ParentID":"QID136","ID":"NT_9L8YywAwM5XBFm5"}},{"SurveyID":"SV_efx4NzMCrIxukmi","Element":"NT","PrimaryAttribute":"NT_9Miq7gPN9ornNTU","SecondaryAttribute":null,"TertiaryAttribute":null,"Payload":{"Notes":[{"Message":"Milne 2002, adapted by Boos 2015","ID":"NO_9soLWolx72ZVLOC","UserID":"UR_bwkN26EP5a6ZeLP","Timestamp":1612192820,"Removed":true}],"UserStatuses":{"UR_bwkN26EP5a6ZeLP":"Expanded"},"ParentID":"QID246","ID":"NT_9Miq7gPN9ornNTU"}},{"SurveyID":"SV_efx4NzMCrIxukmi","Element":"NT","PrimaryAttribute":"NT_9Qzp9LidSGTydUh","SecondaryAttribute":null,"TertiaryAttribute":null,"Payload":{"Notes":[{"Message":"test","ID":"NO_1ZyjQbAWUbjtyLz","UserID":"UR_bwkN26EP5a6ZeLP","Timestamp":1605192306,"Removed":true}],"UserStatuses":{"UR_bwkN26EP5a6ZeLP":"Expanded"},"ParentID":"QID199","ID":"NT_9Qzp9LidSGTydUh"}},{"SurveyID":"SV_efx4NzMCrIxukmi","Element":"NT","PrimaryAttribute":"NT_9RiM0XGu5gmgfI2","SecondaryAttribute":null,"TertiaryAttribute":null,"Payload":{"Notes":[{"Message":"Milne 2002, adapted by Boos 2015","ID":"NO_dgJP4MWnPPQuB14","UserID":"UR_bwkN26EP5a6ZeLP","Timestamp":1612190876,"Removed":true}],"UserStatuses":{"UR_bwkN26EP5a6ZeLP":"Expanded"},"ParentID":"QID242","ID":"NT_9RiM0XGu5gmgfI2"}},{"SurveyID":"SV_efx4NzMCrIxukmi","Element":"NT","PrimaryAttribute":"NT_b2BG84e1JwaPjZI","SecondaryAttribute":null,"TertiaryAttribute":null,"Payload":{"Notes":[{"Message":"Milne 2002, adapted by Boos 2015","ID":"NO_eEgsX96Rr3iWR02","UserID":"UR_bwkN26EP5a6ZeLP","Timestamp":1612190888,"Removed":true}],"UserStatuses":{"UR_bwkN26EP5a6ZeLP":"Expanded"},"ParentID":"QID245","ID":"NT_b2BG84e1JwaPjZI"}},{"SurveyID":"SV_efx4NzMCrIxukmi","Element":"NT","PrimaryAttribute":"NT_bqiYKQYEbtBSvEq","SecondaryAttribute":null,"TertiaryAttribute":null,"Payload":{"Notes":[{"Message":"Milne 2002","ID":"NO_eVcmS9aSEZPWVqm","UserID":"UR_bwkN26EP5a6ZeLP","Timestamp":1612189221,"Removed":true}],"UserStatuses":{"UR_bwkN26EP5a6ZeLP":"Expanded"},"ParentID":"QID237","ID":"NT_bqiYKQYEbtBSvEq"}},{"SurveyID":"SV_efx4NzMCrIxukmi","Element":"NT","PrimaryAttribute":"NT_e9EK11LEzIUuOmq","SecondaryAttribute":null,"TertiaryAttribute":null,"Payload":{"Notes":[{"Message":"Milne 2002","ID":"NO_cVdWo3eDFZxl9qe","UserID":"UR_bwkN26EP5a6ZeLP","Timestamp":1612190546,"Removed":true}],"UserStatuses":{"UR_bwkN26EP5a6ZeLP":"Expanded"},"ParentID":"QID240","ID":"NT_e9EK11LEzIUuOmq"}},{"SurveyID":"SV_efx4NzMCrIxukmi","Element":"RS","PrimaryAttribute":"RS_6mb0vYExo0zkhIq","SecondaryAttribute":null,"TertiaryAttribute":null,"Payload":null},{"SurveyID":"SV_efx4NzMCrIxukmi","Element":"SO","PrimaryAttribute":"Survey Options","SecondaryAttribute":null,"TertiaryAttribute":null,"Payload":{"BackButton":"false","SaveAndContinue":"false","SurveyProtection":"PublicSurvey","BallotBoxStuffingPrevention":"false","NoIndex":"Yes","SecureResponseFiles":"true","SurveyExpiration":null,"SurveyTermination":"DefaultMessage","Header":"","Footer":"","ProgressBarDisplay":"None","PartialData":"No","ValidationMessage":null,"PreviousButton":" \u2190 ","NextButton":"Next \u2192 ","SkinLibrary":"immzhaw","SkinType":"templated","Skin":{"brandingId":null,"templateId":"*2014","overrides":{"logo":{"height":"100px"},"colors":{"primary":"#215088"}}},"NewScoring":1,"EOSMessage":"","ShowExportTags":"false","CollectGeoLocation":"false","SurveyTitle":"QButterfly Template","SurveyMetaDescription":"QButterfly Template","PasswordProtection":"No","AnonymizeResponse":"Yes","Password":"","RefererCheck":"No","RefererURL":"http:\/\/","UseCustomSurveyLinkCompletedMessage":null,"SurveyLinkCompletedMessage":"","SurveyLinkCompletedMessageLibrary":"","ResponseSummary":"No","EOSMessageLibrary":"","EOSRedirectURL":"https:\/\/","EmailThankYou":"false","ThankYouEmailMessageLibrary":null,"ThankYouEmailMessage":null,"ValidateMessage":"true","ValidationMessageLibrary":null,"InactiveSurvey":"DefaultMessage","PartialDataCloseAfter":"LastActivity","ActiveResponseSet":null,"InactiveMessageLibrary":"","InactiveMessage":"","AvailableLanguages":{"EN-GB":[]},"CustomStyles":{"customCSS":"div#Plug {\n    visibility: hidden;\n}\n\n.Skin .SkinInner {\n  padding-top: 0px;\n}\n\n.Skin #Buttons {\n    margin-top: 0 !important;\n}\n\n"},"ProtectSelectionIds":true,"headerMid":"","PartialDeletion":"+1 hour","SurveyAnalysisDisabled":true,"SurveyName":"qbutterfly template"}},{"SurveyID":"SV_efx4NzMCrIxukmi","Element":"SCO","PrimaryAttribute":"Scoring","SecondaryAttribute":null,"TertiaryAttribute":null,"Payload":{"ScoringCategories":[],"ScoringCategoryGroups":[],"ScoringSummaryCategory":null,"ScoringSummaryAfterQuestions":0,"ScoringSummaryAfterSurvey":0,"DefaultScoringCategory":null,"AutoScoringCategory":null}},{"SurveyID":"SV_efx4NzMCrIxukmi","Element":"PROJ","PrimaryAttribute":"CORE","SecondaryAttribute":null,"TertiaryAttribute":"1.1.0","Payload":{"ProjectCategory":"CORE","SchemaVersion":"1.1.0"}},{"SurveyID":"SV_efx4NzMCrIxukmi","Element":"STAT","PrimaryAttribute":"Survey Statistics","SecondaryAttribute":null,"TertiaryAttribute":null,"Payload":{"MobileCompatible":true,"ID":"Survey Statistics"}},{"SurveyID":"SV_efx4NzMCrIxukmi","Element":"SQ","PrimaryAttribute":"QID197","SecondaryAttribute":" ","TertiaryAttribute":null,"Payload":{"QuestionText":"&nbsp;","DefaultChoices":false,"DataExportTag":"Website","QuestionType":"DB","Selector":"TB","Configuration":{"QuestionDescriptionOption":"UseText"},"ChoiceOrder":[],"Validation":{"Settings":{"Type":"None"}},"GradingData":[],"Language":[],"NextChoiceId":4,"NextAnswerId":1,"QuestionID":"QID197","QuestionJS":"Qualtrics.SurveyEngine.addOnload(function (){\n    var windowOrigin = new URL(\"${e:\/\/Field\/windowURL}\").origin;\n\t\n\t\/\/hides the next button on the page\n\n\tthis.hideNextButton();\n\t\n\tsetTimeout(function() { jQuery(\"#NextButton\").show(); },30000);\n\t\n\t\/\/ stores the actual this in variable for later use in callback-function, where this is the Window instead of S.r\n\tvar surveyEngineVar = this;\n\t\n\t\/\/ overrides CSS (padding-top)\n\tjQuery(\".Skin .SkinInner\").attr(\"style\", \"padding: 0 !important\");\n\tjQuery(\".Skin .QuestionOuter\").attr(\"style\", \"padding-bottom: 0 !important\");\n\tjQuery(\".Skin .QuestionText\").attr(\"style\", \"padding-top: 0\");\n\t\n\t\/\/ initialize the collectable data\n\tvar eventStream = \"\";\n\n\t\/\/ register callback handleMessage, when a message from the iFrame is received\n\tif (window.addEventListener) {\n\t\twindow.addEventListener(\"message\", handleMessage);\n\t\tconsole.log(\"addEventListener active\");\n\t} else {\n\t\twindow.attachEvent(\"onmessage\", handleMessage);\n\t\tconsole.log(\"attachEvent active\");\n\t}\n\n\t\/\/ create the iframe only after the addEventListner is active to not miss events\n\tvar createiFrame = '<iframe frameborder=\"${e:\/\/Field\/windowBorder}\" height=\"${e:\/\/Field\/windowHeight}\" scrolling=\"${e:\/\/Field\/windowScroll}\" src=\"${e:\/\/Field\/windowURL}\" width=\"${e:\/\/Field\/windowWidth}\"><\/iframe>';\n\t\n\tjQuery(\"#Header\").html(createiFrame);\n\t\t\n\t\/\/ Callback-Function for the iFrame-message\n\tfunction handleMessage(event) {\n\t\tconsole.log(\"Message from iframe received from: \" + event.origin);\n\t\tif (event.origin != windowOrigin) {\n\t\t\tconsole.log(\"The message came from some site we don't know. We're not processing it.\");\n\t\t\treturn;\n\t\t}\n\n\t\tvar dataFromChildIframe = event.data;\n\n\t\t\/\/ Add the current Time and the id to the collectedData-String \n\t\teventStream += dataFromChildIframe.currentTime + \"#\" + dataFromChildIframe.id + \"; \";\n\n\t\t\n\t\t\/\/ Write the collectedData-String to an embedded field\n\t\tQualtrics.SurveyEngine.setEmbeddedData(\"eventStream\", eventStream);\n\n\t\t\/\/ Shows the next button, if user clicked on an element with class enableNextButton\n\t\tif(dataFromChildIframe.enableNextButton){\n\t\tsurveyEngineVar.showNextButton();\n\t\t}\n\t}\n});","DataVisibility":{"Private":false,"Hidden":false},"QuestionDescription":" "}},{"SurveyID":"SV_efx4NzMCrIxukmi","Element":"SQ","PrimaryAttribute":"QID199","SecondaryAttribute":" ","TertiaryAttribute":null,"Payload":{"QuestionText":"&nbsp;","DefaultChoices":false,"DataExportTag":"Click_Data","QuestionType":"TE","Selector":"ML","Configuration":{"QuestionDescriptionOption":"UseText","InputWidth":680,"InputHeight":143},"QuestionDescription":" ","Validation":{"Settings":{"ForceResponse":"OFF","ForceResponseType":"ON","Type":"None"}},"GradingData":[],"Language":[],"NextChoiceId":4,"NextAnswerId":1,"SearchSource":{"AllowFreeResponse":"false"},"QuestionID":"QID199","DataVisibility":{"Private":false,"Hidden":false},"QuestionJS":false}},{"SurveyID":"SV_efx4NzMCrIxukmi","Element":"SQ","PrimaryAttribute":"QID313","SecondaryAttribute":"${e:\/\/Field\/eventStream}","TertiaryAttribute":null,"Payload":{"QuestionText":"${e:\/\/Field\/eventStream}","DefaultChoices":false,"DataExportTag":"Show Collected Data","QuestionType":"DB","Selector":"TB","Configuration":{"QuestionDescriptionOption":"UseText"},"QuestionDescription":"${e:\/\/Field\/eventStream}","ChoiceOrder":[],"Validation":{"Settings":{"Type":"None"}},"GradingData":[],"Language":[],"NextChoiceId":4,"NextAnswerId":1,"QuestionID":"QID313","DataVisibility":{"Private":false,"Hidden":false}}},{"SurveyID":"SV_efx4NzMCrIxukmi","Element":"QC","PrimaryAttribute":"Survey Question Count","SecondaryAttribute":"313","TertiaryAttribute":null,"Payload":null},{"SurveyID":"SV_efx4NzMCrIxukmi","Element":"SQ","PrimaryAttribute":"QID311","SecondaryAttribute":"Click to write the question text","TertiaryAttribute":null,"Payload":{"QuestionText":"Click to write the question text","DefaultChoices":false,"DataExportTag":"browser","QuestionID":"QID311","QuestionType":"Meta","Selector":"Browser","Configuration":{"QuestionDescriptionOption":"UseText"},"QuestionDescription":"Click to write the question text","Choices":{"1":{"Display":"Browser","TextEntry":1},"2":{"Display":"Version","TextEntry":1},"3":{"Display":"Operating System","TextEntry":1},"4":{"Display":"Screen Resolution","TextEntry":1},"5":{"Display":"Flash Version","TextEntry":1},"6":{"Display":"Java Support","TextEntry":1},"7":{"Display":"User Agent","TextEntry":1}},"GradingData":[],"Language":[],"NextChoiceId":4,"NextAnswerId":1}},{"SurveyID":"SV_efx4NzMCrIxukmi","Element":"QG","PrimaryAttribute":"QG_VK5hRSNy2lcIfaz","SecondaryAttribute":"Standard-Quotengruppe","TertiaryAttribute":null,"Payload":{"ID":"QG_VK5hRSNy2lcIfaz","Name":"Standard-Quotengruppe","Selected":true,"MultipleMatch":"PlaceInAll","Public":false,"Quotas":[]}},{"SurveyID":"SV_efx4NzMCrIxukmi","Element":"SQ","PrimaryAttribute":"QID312","SecondaryAttribute":"Timing","TertiaryAttribute":null,"Payload":{"QuestionText":"Timing","DefaultChoices":false,"DataExportTag":"Timer","QuestionID":"QID312","QuestionType":"Timing","Selector":"PageTimer","Configuration":{"QuestionDescriptionOption":"UseText","MinSeconds":"0","MaxSeconds":"0"},"QuestionDescription":"Timing","Choices":{"1":{"Display":"First Click"},"2":{"Display":"Last Click"},"3":{"Display":"Page Submit"},"4":{"Display":"Click Count"}},"GradingData":[],"Language":[],"NextChoiceId":108,"NextAnswerId":1,"DataVisibility":{"Private":false,"Hidden":false}}}]}