{"SurveyEntry":{"SurveyID":"SV_887kj9vYpIqnBfU","SurveyName":"qbutterfly example","SurveyDescription":null,"SurveyOwnerID":"UR_bwkN26EP5a6ZeLP","SurveyBrandID":"immzhaw","DivisionID":null,"SurveyLanguage":"EN-GB","SurveyActiveResponseSet":"RS_dnF3vkAeIcNKNKe","SurveyStatus":"Active","SurveyStartDate":"0000-00-00 00:00:00","SurveyExpirationDate":"0000-00-00 00:00:00","SurveyCreationDate":"2021-08-12 09:31:26","CreatorID":"UR_bwkN26EP5a6ZeLP","LastModified":"2021-08-31 10:31:19","LastAccessed":"0000-00-00 00:00:00","LastActivated":"2021-08-12 09:44:01","Deleted":null},"SurveyElements":[{"SurveyID":"SV_887kj9vYpIqnBfU","Element":"BL","PrimaryAttribute":"Survey Blocks","SecondaryAttribute":null,"TertiaryAttribute":null,"Payload":{"1":{"Type":"Trash","Description":"Trash \/ Unused Questions","ID":"BL_38cPtUwG6IfVvtr","BlockElements":[{"Type":"Question","QuestionID":"QID304"},{"Type":"Question","QuestionID":"QID305"},{"Type":"Question","QuestionID":"QID306"},{"Type":"Question","QuestionID":"QID310"},{"Type":"Question","QuestionID":"QID307"},{"Type":"Question","QuestionID":"QID308"},{"Type":"Question","QuestionID":"QID309"},{"Type":"Question","QuestionID":"QID298"},{"Type":"Question","QuestionID":"QID300"},{"Type":"Question","QuestionID":"QID303"},{"Type":"Question","QuestionID":"QID311"},{"Type":"Question","QuestionID":"QID312"}],"Options":{"BlockLocking":"false","RandomizeQuestions":"false","BlockVisibility":"Collapsed"}},"41":{"Type":"Standard","SubType":"","Description":"Example 1","ID":"BL_0JwTikmo2yltOqV","BlockElements":[{"Type":"Question","QuestionID":"QID230"},{"Type":"Page Break"},{"Type":"Question","QuestionID":"QID200"},{"Type":"Question","QuestionID":"QID197"},{"Type":"Page Break"},{"Type":"Question","QuestionID":"QID199"}],"Options":{"BlockLocking":"false","RandomizeQuestions":"false","BlockVisibility":"Expanded"}},"42":{"Type":"Standard","SubType":"","Description":"Example 2","ID":"BL_50DMOGUw8eKKN6K","BlockElements":[{"Type":"Question","QuestionID":"QID299"},{"Type":"Page Break"},{"Type":"Question","QuestionID":"QID301"},{"Type":"Page Break"},{"Type":"Question","QuestionID":"QID302"}],"Options":{"BlockLocking":false,"RandomizeQuestions":"false","BlockVisibility":"Expanded"}},"44":{"Type":"Standard","SubType":"","Description":"browser","ID":"BL_dd6iR5ifYu5NfX8","BlockElements":[{"Type":"Question","QuestionID":"QID313"}]}}},{"SurveyID":"SV_887kj9vYpIqnBfU","Element":"FL","PrimaryAttribute":"Survey Flow","SecondaryAttribute":null,"TertiaryAttribute":null,"Payload":{"Type":"Root","FlowID":"FL_1","Flow":[{"Type":"EmbeddedData","FlowID":"FL_165","EmbeddedData":[{"Description":"Q_TotalDuration","Type":"Recipient","Field":"Q_TotalDuration","VariableType":"Scale","DataVisibility":[]},{"Description":"windowHeight","Type":"Custom","Field":"windowHeight","VariableType":"String","DataVisibility":[],"AnalyzeText":false,"Value":"400"},{"Description":"windowWidth","Type":"Custom","Field":"windowWidth","VariableType":"String","DataVisibility":[],"AnalyzeText":false,"Value":"400"},{"Description":"windowBorder","Type":"Custom","Field":"windowBorder","VariableType":"String","DataVisibility":[],"AnalyzeText":false,"Value":"1"},{"Description":"windowScroll","Type":"Custom","Field":"windowScroll","VariableType":"String","DataVisibility":[],"AnalyzeText":false,"Value":"no"}]},{"Type":"BlockRandomizer","FlowID":"FL_139","SubSet":2,"EvenPresentation":true,"Flow":[{"Type":"EmbeddedData","FlowID":"FL_140","EmbeddedData":[{"Description":"condition","Type":"Custom","Field":"condition","VariableType":"String","DataVisibility":[],"AnalyzeText":false,"Value":"control"},{"Description":"windowURL","Type":"Custom","Field":"windowURL","VariableType":"String","DataVisibility":[],"AnalyzeText":false,"Value":"https:\/\/qbutterfly.github.io\/control.html"}]},{"Type":"EmbeddedData","FlowID":"FL_154","EmbeddedData":[{"Description":"condition","Type":"Custom","Field":"condition","VariableType":"String","DataVisibility":[],"AnalyzeText":false,"Value":"treatment"},{"Description":"windowURL","Type":"Custom","Field":"windowURL","VariableType":"String","DataVisibility":[],"AnalyzeText":false,"Value":"https:\/\/qbutterfly.github.io\/treatment.html"}]}]},{"Type":"Standard","ID":"BL_dd6iR5ifYu5NfX8","FlowID":"FL_170","Autofill":[]},{"Type":"Standard","ID":"BL_0JwTikmo2yltOqV","FlowID":"FL_150","Autofill":[]},{"Type":"EmbeddedData","FlowID":"FL_167","EmbeddedData":[{"Description":"windowHeight","Type":"Custom","Field":"windowHeight","VariableType":"String","DataVisibility":[],"AnalyzeText":false,"Value":"750"},{"Description":"windowWidth","Type":"Custom","Field":"windowWidth","VariableType":"String","DataVisibility":[],"AnalyzeText":false,"Value":"1000"},{"Description":"windowBorder","Type":"Custom","Field":"windowBorder","VariableType":"String","DataVisibility":[],"AnalyzeText":false,"Value":"0"},{"Description":"windowScroll","Type":"Custom","Field":"windowScroll","VariableType":"String","DataVisibility":[],"AnalyzeText":false,"Value":"no"},{"Description":"windowURL","Type":"Custom","Field":"windowURL","VariableType":"String","DataVisibility":[],"AnalyzeText":false,"Value":"https:\/\/qbutterfly.github.io\/app_example\/Start.html"}]},{"Type":"Standard","ID":"BL_50DMOGUw8eKKN6K","FlowID":"FL_166","Autofill":[]},{"Type":"EndSurvey","FlowID":"FL_27","EndingType":"Advanced","Options":{"Advanced":"true","SurveyTermination":"DefaultMessage","EOSRedirectURL":"https:\/\/app.prolific.co\/submissions\/complete?cc=1DEABCDA","EOSMessageLibrary":"UR_bwkN26EP5a6ZeLP","EOSMessage":"MS_0OGYZZhwGlzMaKW"}}],"Properties":{"Count":170,"RemovedFieldsets":[]}}},{"SurveyID":"SV_887kj9vYpIqnBfU","Element":"NT","PrimaryAttribute":"NT_1SWFAunPsrr2cgS","SecondaryAttribute":null,"TertiaryAttribute":null,"Payload":{"Notes":[{"Message":"Milne 2002, adapted by Boos 2015","ID":"NO_7WZUDDceFwmsu3k","UserID":"UR_bwkN26EP5a6ZeLP","Timestamp":1612192825,"Removed":true}],"UserStatuses":{"UR_bwkN26EP5a6ZeLP":"Expanded"},"ParentID":"QID247","ID":"NT_1SWFAunPsrr2cgS"}},{"SurveyID":"SV_887kj9vYpIqnBfU","Element":"NT","PrimaryAttribute":"NT_2boXsdy1txVXAcS","SecondaryAttribute":null,"TertiaryAttribute":null,"Payload":{"Notes":[{"Message":"Milne 2002, adapted by Boos 2015","ID":"NO_6R1D7SV5D0PEQFo","UserID":"UR_bwkN26EP5a6ZeLP","Timestamp":1612190880,"Removed":true}],"UserStatuses":{"UR_bwkN26EP5a6ZeLP":"Expanded"},"ParentID":"QID243","ID":"NT_2boXsdy1txVXAcS"}},{"SurveyID":"SV_887kj9vYpIqnBfU","Element":"NT","PrimaryAttribute":"NT_2rfsJhGrBPxTgsB","SecondaryAttribute":null,"TertiaryAttribute":null,"Payload":{"Notes":[{"Message":"Dinev \/ Hart 2013","ID":"NO_3HPLBKSSqC4p0b3","UserID":"UR_bwkN26EP5a6ZeLP","Timestamp":1578572255,"Removed":true},{"Message":"Dinev 2012","ID":"NO_byzCaFISFLzY9tb","UserID":"UR_bwkN26EP5a6ZeLP","Timestamp":1578572587,"Removed":false}],"UserStatuses":{"UR_bwkN26EP5a6ZeLP":"Expanded"},"ParentID":"QID130","ID":"NT_2rfsJhGrBPxTgsB"}},{"SurveyID":"SV_887kj9vYpIqnBfU","Element":"NT","PrimaryAttribute":"NT_6rLNFn7kFWrBxgq","SecondaryAttribute":null,"TertiaryAttribute":null,"Payload":{"Notes":[{"Message":"Milne 2002","ID":"NO_e4FCq44QIGlwdUO","UserID":"UR_bwkN26EP5a6ZeLP","Timestamp":1612190457,"Removed":true}],"UserStatuses":{"UR_bwkN26EP5a6ZeLP":"Expanded"},"ParentID":"QID239","ID":"NT_6rLNFn7kFWrBxgq"}},{"SurveyID":"SV_887kj9vYpIqnBfU","Element":"NT","PrimaryAttribute":"NT_72I1kPrT1SZAyAm","SecondaryAttribute":null,"TertiaryAttribute":null,"Payload":{"Notes":[{"Message":"Milne 2002","ID":"NO_37VLGGp0oaNXd7E","UserID":"UR_bwkN26EP5a6ZeLP","Timestamp":1612189230,"Removed":true}],"UserStatuses":{"UR_bwkN26EP5a6ZeLP":"Expanded"},"ParentID":"QID238","ID":"NT_72I1kPrT1SZAyAm"}},{"SurveyID":"SV_887kj9vYpIqnBfU","Element":"NT","PrimaryAttribute":"NT_8qAqbqEFjmqAqzA","SecondaryAttribute":null,"TertiaryAttribute":null,"Payload":{"Notes":[{"Message":"Milne 2002, adapted by Boos 2015","ID":"NO_eKjP4prZOKuRDsG","UserID":"UR_bwkN26EP5a6ZeLP","Timestamp":1612190884,"Removed":true}],"UserStatuses":{"UR_bwkN26EP5a6ZeLP":"Expanded"},"ParentID":"QID244","ID":"NT_8qAqbqEFjmqAqzA"}},{"SurveyID":"SV_887kj9vYpIqnBfU","Element":"NT","PrimaryAttribute":"NT_9L8YywAwM5XBFm5","SecondaryAttribute":null,"TertiaryAttribute":null,"Payload":{"Notes":[{"Message":"Anderson\/Agarwal 2011","ID":"NO_dii30Aukrae4hi5","UserID":"UR_bwkN26EP5a6ZeLP","Timestamp":1578573422,"Removed":true},{"Message":"Malhotra, aber auf 2 reduziert","ID":"NO_03qgrx2F0LKQQG9","UserID":"UR_bwkN26EP5a6ZeLP","Timestamp":1578574409,"Removed":false}],"UserStatuses":{"UR_bwkN26EP5a6ZeLP":"Expanded"},"ParentID":"QID136","ID":"NT_9L8YywAwM5XBFm5"}},{"SurveyID":"SV_887kj9vYpIqnBfU","Element":"NT","PrimaryAttribute":"NT_9Miq7gPN9ornNTU","SecondaryAttribute":null,"TertiaryAttribute":null,"Payload":{"Notes":[{"Message":"Milne 2002, adapted by Boos 2015","ID":"NO_9soLWolx72ZVLOC","UserID":"UR_bwkN26EP5a6ZeLP","Timestamp":1612192820,"Removed":true}],"UserStatuses":{"UR_bwkN26EP5a6ZeLP":"Expanded"},"ParentID":"QID246","ID":"NT_9Miq7gPN9ornNTU"}},{"SurveyID":"SV_887kj9vYpIqnBfU","Element":"NT","PrimaryAttribute":"NT_9Qzp9LidSGTydUh","SecondaryAttribute":null,"TertiaryAttribute":null,"Payload":{"Notes":[{"Message":"test","ID":"NO_1ZyjQbAWUbjtyLz","UserID":"UR_bwkN26EP5a6ZeLP","Timestamp":1605192306,"Removed":true}],"UserStatuses":{"UR_bwkN26EP5a6ZeLP":"Expanded"},"ParentID":"QID199","ID":"NT_9Qzp9LidSGTydUh"}},{"SurveyID":"SV_887kj9vYpIqnBfU","Element":"NT","PrimaryAttribute":"NT_9RiM0XGu5gmgfI2","SecondaryAttribute":null,"TertiaryAttribute":null,"Payload":{"Notes":[{"Message":"Milne 2002, adapted by Boos 2015","ID":"NO_dgJP4MWnPPQuB14","UserID":"UR_bwkN26EP5a6ZeLP","Timestamp":1612190876,"Removed":true}],"UserStatuses":{"UR_bwkN26EP5a6ZeLP":"Expanded"},"ParentID":"QID242","ID":"NT_9RiM0XGu5gmgfI2"}},{"SurveyID":"SV_887kj9vYpIqnBfU","Element":"NT","PrimaryAttribute":"NT_b2BG84e1JwaPjZI","SecondaryAttribute":null,"TertiaryAttribute":null,"Payload":{"Notes":[{"Message":"Milne 2002, adapted by Boos 2015","ID":"NO_eEgsX96Rr3iWR02","UserID":"UR_bwkN26EP5a6ZeLP","Timestamp":1612190888,"Removed":true}],"UserStatuses":{"UR_bwkN26EP5a6ZeLP":"Expanded"},"ParentID":"QID245","ID":"NT_b2BG84e1JwaPjZI"}},{"SurveyID":"SV_887kj9vYpIqnBfU","Element":"NT","PrimaryAttribute":"NT_bqiYKQYEbtBSvEq","SecondaryAttribute":null,"TertiaryAttribute":null,"Payload":{"Notes":[{"Message":"Milne 2002","ID":"NO_eVcmS9aSEZPWVqm","UserID":"UR_bwkN26EP5a6ZeLP","Timestamp":1612189221,"Removed":true}],"UserStatuses":{"UR_bwkN26EP5a6ZeLP":"Expanded"},"ParentID":"QID237","ID":"NT_bqiYKQYEbtBSvEq"}},{"SurveyID":"SV_887kj9vYpIqnBfU","Element":"NT","PrimaryAttribute":"NT_e9EK11LEzIUuOmq","SecondaryAttribute":null,"TertiaryAttribute":null,"Payload":{"Notes":[{"Message":"Milne 2002","ID":"NO_cVdWo3eDFZxl9qe","UserID":"UR_bwkN26EP5a6ZeLP","Timestamp":1612190546,"Removed":true}],"UserStatuses":{"UR_bwkN26EP5a6ZeLP":"Expanded"},"ParentID":"QID240","ID":"NT_e9EK11LEzIUuOmq"}},{"SurveyID":"SV_887kj9vYpIqnBfU","Element":"RS","PrimaryAttribute":"RS_dnF3vkAeIcNKNKe","SecondaryAttribute":null,"TertiaryAttribute":null,"Payload":null},{"SurveyID":"SV_887kj9vYpIqnBfU","Element":"SO","PrimaryAttribute":"Survey Options","SecondaryAttribute":null,"TertiaryAttribute":null,"Payload":{"BackButton":"false","SaveAndContinue":"false","SurveyProtection":"PublicSurvey","BallotBoxStuffingPrevention":"false","NoIndex":"Yes","SecureResponseFiles":"true","SurveyExpiration":null,"SurveyTermination":"DefaultMessage","Header":"","Footer":"","ProgressBarDisplay":"None","PartialData":"No","ValidationMessage":null,"PreviousButton":" \u2190 ","NextButton":"Next \u2192 ","SkinLibrary":"immzhaw","SkinType":"templated","Skin":{"brandingId":null,"templateId":"*2014","overrides":{"logo":{"height":"100px","url":"https:\/\/immzhaw.eu.qualtrics.com\/CP\/Graphic.php?IM=IM_87YJxZbhrX94A0S"},"colors":{"primary":"#215088"}}},"NewScoring":1,"EOSMessage":"","ShowExportTags":"false","CollectGeoLocation":"false","SurveyTitle":"QButterfly Demo","SurveyMetaDescription":"QButterfly Demo","PasswordProtection":"No","AnonymizeResponse":"Yes","Password":"","RefererCheck":"No","RefererURL":"http:\/\/","UseCustomSurveyLinkCompletedMessage":null,"SurveyLinkCompletedMessage":"","SurveyLinkCompletedMessageLibrary":"","ResponseSummary":"No","EOSMessageLibrary":"","EOSRedirectURL":"https:\/\/","EmailThankYou":"false","ThankYouEmailMessageLibrary":null,"ThankYouEmailMessage":null,"ValidateMessage":"true","ValidationMessageLibrary":null,"InactiveSurvey":"DefaultMessage","PartialDataCloseAfter":"LastActivity","ActiveResponseSet":null,"InactiveMessageLibrary":"","InactiveMessage":"","AvailableLanguages":{"EN-GB":[]},"CustomStyles":{"customCSS":"div#Plug {\n    visibility: hidden;\n}\n\n.Skin .SkinInner {\n  padding-top: 0px;\n}\n\n\n.Skin #Buttons {\n    margin-top: 0 !important;\n}\n\n\/*label#QID85-37-label, label#QID127-37-label, label#QID128-37-label, label#QID129-37-label {\n    display: none;\n}*\/"},"ProtectSelectionIds":true,"headerMid":"","PartialDeletion":"+1 hour","SurveyName":"qbutterfly example","SurveyAnalysisDisabled":true}},{"SurveyID":"SV_887kj9vYpIqnBfU","Element":"SCO","PrimaryAttribute":"Scoring","SecondaryAttribute":null,"TertiaryAttribute":null,"Payload":{"ScoringCategories":[],"ScoringCategoryGroups":[],"ScoringSummaryCategory":null,"ScoringSummaryAfterQuestions":0,"ScoringSummaryAfterSurvey":0,"DefaultScoringCategory":null,"AutoScoringCategory":null}},{"SurveyID":"SV_887kj9vYpIqnBfU","Element":"PROJ","PrimaryAttribute":"CORE","SecondaryAttribute":null,"TertiaryAttribute":"1.1.0","Payload":{"ProjectCategory":"CORE","SchemaVersion":"1.1.0"}},{"SurveyID":"SV_887kj9vYpIqnBfU","Element":"STAT","PrimaryAttribute":"Survey Statistics","SecondaryAttribute":null,"TertiaryAttribute":null,"Payload":{"MobileCompatible":true,"ID":"Survey Statistics"}},{"SurveyID":"SV_887kj9vYpIqnBfU","Element":"SQ","PrimaryAttribute":"QID197","SecondaryAttribute":" ","TertiaryAttribute":null,"Payload":{"QuestionText":"&nbsp;","DefaultChoices":false,"DataExportTag":"Stimulus","QuestionType":"DB","Selector":"TB","Configuration":{"QuestionDescriptionOption":"UseText"},"ChoiceOrder":[],"Validation":{"Settings":{"Type":"None"}},"GradingData":[],"Language":[],"NextChoiceId":4,"NextAnswerId":1,"QuestionID":"QID197","QuestionJS":"Qualtrics.SurveyEngine.addOnload(function (){\n    var windowOrigin = new URL(\"${e:\/\/Field\/windowURL}\").origin;\n\t\n\t\/\/hides the next button on the page\n\n\tthis.hideNextButton();\n\t\n\tsetTimeout(function() { jQuery(\"#NextButton\").show(); },30000);\n\t\n\t\/\/ stores the actual this in variable for later use in callback-function, where this is the Window instead of S.r\n\tvar surveyEngineVar = this;\n\t\n\t\/\/ overrides CSS (padding-top)\n\tjQuery(\".Skin .SkinInner\").attr(\"style\", \"padding: 0 !important\");\n\tjQuery(\".Skin .QuestionOuter\").attr(\"style\", \"padding-bottom: 0 !important\");\n\tjQuery(\".Skin .QuestionText\").attr(\"style\", \"padding-top: 0\");\n\t\n\t\/\/ initialize the collectable data\n\tvar eventStream = \"\";\n\n\t\/\/ register callback handleMessage, when a message from the iFrame is received\n\tif (window.addEventListener) {\n\t\twindow.addEventListener(\"message\", handleMessage);\n\t\tconsole.log(\"addEventListener active\");\n\t} else {\n\t\twindow.attachEvent(\"onmessage\", handleMessage);\n\t\tconsole.log(\"attachEvent active\");\n\t}\n\n\t\/\/ create the iframe only after the addEventListner is active to not miss events\n\tvar createiFrame = '<iframe frameborder=\"${e:\/\/Field\/windowBorder}\" height=\"${e:\/\/Field\/windowHeight}\" scrolling=\"${e:\/\/Field\/windowScroll}\" src=\"${e:\/\/Field\/windowURL}\" width=\"${e:\/\/Field\/windowWidth}\"><\/iframe>';\n\t\n\tjQuery(\"#Header\").html(createiFrame);\n\t\t\n\t\/\/ Callback-Function for the iFrame-message\n\tfunction handleMessage(event) {\n\t\tconsole.log(\"Message from iframe received from: \" + event.origin);\n\t\tif (event.origin != windowOrigin) {\n\t\t\tconsole.log(\"The message came from some site we don't know. We're not processing it.\");\n\t\t\treturn;\n\t\t}\n\n\t\tvar dataFromChildIframe = event.data;\n\n\t\t\/\/ Add the current Time and the id to the collectedData-String \n\t\teventStream += dataFromChildIframe.currentTime + \"#\" + dataFromChildIframe.id + \"; \";\n\n\t\t\n\t\t\/\/ Write the collectedData-String to an embedded field\n\t\tQualtrics.SurveyEngine.setEmbeddedData(\"eventStream\", eventStream);\n\n\t\t\/\/ Shows the next button, if user clicked on an element with class enableNextButton\n\t\tif(dataFromChildIframe.enableNextButton){\n\t\tsurveyEngineVar.showNextButton();\n\t\t}\n\t}\n});","DataVisibility":{"Private":false,"Hidden":false},"QuestionDescription":" "}},{"SurveyID":"SV_887kj9vYpIqnBfU","Element":"SQ","PrimaryAttribute":"QID301","SecondaryAttribute":" ","TertiaryAttribute":null,"Payload":{"QuestionText":"&nbsp;","DefaultChoices":false,"QuestionType":"DB","Selector":"TB","Configuration":{"QuestionDescriptionOption":"UseText"},"ChoiceOrder":[],"Validation":{"Settings":{"Type":"None"}},"GradingData":[],"Language":[],"NextChoiceId":4,"NextAnswerId":1,"QuestionJS":"Qualtrics.SurveyEngine.addOnload(function (){\n    var windowOrigin = new URL(\"${e:\/\/Field\/windowURL}\").origin;\n\t\n\t\/\/hides the next button on the page\n\n\tthis.hideNextButton();\n\t\n\tsetTimeout(function() { jQuery(\"#NextButton\").show(); },30000);\n\t\n\t\/\/ stores the actual this in variable for later use in callback-function, where this is the Window instead of S.r\n\tvar surveyEngineVar = this;\n\t\n\t\/\/ overrides CSS (padding-top)\n\tjQuery(\".Skin .SkinInner\").attr(\"style\", \"padding: 0 !important\");\n\tjQuery(\".Skin .QuestionOuter\").attr(\"style\", \"padding-bottom: 0 !important\");\n\tjQuery(\".Skin .QuestionText\").attr(\"style\", \"padding-top: 0\");\n\t\n\t\/\/ initialize the collectable data\n\tvar eventStream = \"\";\n\n\t\/\/ register callback handleMessage, when a message from the iFrame is received\n\tif (window.addEventListener) {\n\t\twindow.addEventListener(\"message\", handleMessage);\n\t\tconsole.log(\"addEventListener active\");\n\t} else {\n\t\twindow.attachEvent(\"onmessage\", handleMessage);\n\t\tconsole.log(\"attachEvent active\");\n\t}\n\n\t\/\/ create the iframe only after the addEventListner is active to not miss events\n\tvar createiFrame = '<iframe frameborder=\"${e:\/\/Field\/windowBorder}\" height=\"${e:\/\/Field\/windowHeight}\" scrolling=\"${e:\/\/Field\/windowScroll}\" src=\"${e:\/\/Field\/windowURL}\" width=\"${e:\/\/Field\/windowWidth}\"><\/iframe>';\n\t\n\tjQuery(\"#Header\").html(createiFrame);\n\t\t\n\t\/\/ Callback-Function for the iFrame-message\n\tfunction handleMessage(event) {\n\t\tconsole.log(\"Message from iframe received from: \" + event.origin);\n\t\tif (event.origin != windowOrigin) {\n\t\t\tconsole.log(\"The message came from some site we don't know. We're not processing it.\");\n\t\t\treturn;\n\t\t}\n\n\t\tvar dataFromChildIframe = event.data;\n\n\t\t\/\/ Add the current Time and the id to the collectedData-String \n\t\teventStream += dataFromChildIframe.currentTime + \"#\" + dataFromChildIframe.id + \"; \";\n\n\t\t\n\t\t\/\/ Write the collectedData-String to an embedded field\n\t\tQualtrics.SurveyEngine.setEmbeddedData(\"eventStream\", eventStream);\n\n\t\t\/\/ Shows the next button, if user clicked on an element with class enableNextButton\n\t\tif(dataFromChildIframe.enableNextButton){\n\t\tsurveyEngineVar.showNextButton();\n\t\t}\n\t}\n});","DataVisibility":{"Private":false,"Hidden":false},"QuestionDescription":" ","QuestionText_Unsafe":"Below is an iframe showing the website ${e:\/\/Field\/iframe_url}. In the survey flow you can adjust the iframe properties (e.g. width). You can also click on the JavaScript of this question to see how this question listens to what is happening within the iframe. To test the display thewebsite you have to use \"publish\" as \"preview\" is might not display iframe content.<br>\n<iframe frameborder=\"${e:\/\/Field\/iframe_border}\" height=\"${e:\/\/Field\/iframe_height}\" scrolling=\"${e:\/\/Field\/iframe_scroll}\" src=\"${e:\/\/Field\/iframe_url}\" width=\"${e:\/\/Field\/iframe_width}\"><\/iframe>","DataExportTag":"FitnessApp","QuestionID":"QID301"}},{"SurveyID":"SV_887kj9vYpIqnBfU","Element":"QC","PrimaryAttribute":"Survey Question Count","SecondaryAttribute":"313","TertiaryAttribute":null,"Payload":null},{"SurveyID":"SV_887kj9vYpIqnBfU","Element":"SQ","PrimaryAttribute":"QID307","SecondaryAttribute":"Add JavaScript to the question that contains the iframe to be able to listen to the iframe. Add y...","TertiaryAttribute":null,"Payload":{"QuestionText":"Add JavaScript to the question that contains the iframe to be able to listen to the iframe. Add your specific website URL as an event.origin.<br>\n<img src=\"https:\/\/immzhaw.eu.qualtrics.com\/CP\/Graphic.php?IM=IM_afwjxwP5kskTA8e\" style=\"width: 793px; height: 891px;\">Click to write the question text","DefaultChoices":false,"DataExportTag":"How-to4","QuestionType":"DB","Selector":"TB","Configuration":{"QuestionDescriptionOption":"UseText"},"QuestionDescription":"Add JavaScript to the question that contains the iframe to be able to listen to the iframe. Add y...","ChoiceOrder":[],"Validation":{"Settings":{"Type":"None"}},"GradingData":[],"Language":[],"NextChoiceId":4,"NextAnswerId":1,"QuestionID":"QID307","DataVisibility":{"Private":false,"Hidden":false}}},{"SurveyID":"SV_887kj9vYpIqnBfU","Element":"SQ","PrimaryAttribute":"QID306","SecondaryAttribute":"Afterwards create a new text question to handle the iframe that will display your website and add...","TertiaryAttribute":null,"Payload":{"QuestionText":"Afterwards create a new text question to handle the iframe that will display your website and add the iframe tag as html.<img src=\"https:\/\/immzhaw.eu.qualtrics.com\/CP\/Graphic.php?IM=IM_0TcAzNy0aCYwtBI\" style=\"width: 1721px; height: 345px;\">","DefaultChoices":false,"DataExportTag":"How-to2","QuestionType":"DB","Selector":"TB","Configuration":{"QuestionDescriptionOption":"UseText"},"QuestionDescription":"Afterwards create a new text question to handle the iframe that will display your website and add...","ChoiceOrder":[],"Validation":{"Settings":{"Type":"None"}},"GradingData":[],"Language":[],"NextChoiceId":4,"NextAnswerId":1,"QuestionID":"QID306","DataVisibility":{"Private":false,"Hidden":false}}},{"SurveyID":"SV_887kj9vYpIqnBfU","Element":"SQ","PrimaryAttribute":"QID298","SecondaryAttribute":"Click to write the question text","TertiaryAttribute":null,"Payload":{"QuestionText":"Click to write the question text","DefaultChoices":false,"DataExportTag":"Q5","QuestionID":"QID298","QuestionType":"DB","Selector":"TB","Configuration":{"QuestionDescriptionOption":"UseText"},"QuestionDescription":"Click to write the question text","ChoiceOrder":[],"Validation":{"Settings":{"Type":"None"}},"GradingData":[],"Language":[],"NextChoiceId":4,"NextAnswerId":1}},{"SurveyID":"SV_887kj9vYpIqnBfU","Element":"SQ","PrimaryAttribute":"QID311","SecondaryAttribute":"Click to write the question text","TertiaryAttribute":null,"Payload":{"QuestionText":"Click to write the question text","DefaultChoices":false,"DataExportTag":"Q18","QuestionType":"DB","Selector":"TB","Configuration":{"QuestionDescriptionOption":"UseText"},"QuestionDescription":"Click to write the question text","ChoiceOrder":[],"Validation":{"Settings":{"Type":"None"}},"GradingData":[],"Language":[],"NextChoiceId":4,"NextAnswerId":1,"QuestionID":"QID311"}},{"SurveyID":"SV_887kj9vYpIqnBfU","Element":"SQ","PrimaryAttribute":"QID312","SecondaryAttribute":"Click to write the question text","TertiaryAttribute":null,"Payload":{"QuestionText":"Click to write the question text","DefaultChoices":false,"DataExportTag":"Q19","QuestionType":"DB","Selector":"TB","Configuration":{"QuestionDescriptionOption":"UseText"},"QuestionDescription":"Click to write the question text","ChoiceOrder":[],"Validation":{"Settings":{"Type":"None"}},"GradingData":[],"Language":[],"NextChoiceId":4,"NextAnswerId":1,"QuestionID":"QID312"}},{"SurveyID":"SV_887kj9vYpIqnBfU","Element":"SQ","PrimaryAttribute":"QID313","SecondaryAttribute":"Click to write the question text","TertiaryAttribute":null,"Payload":{"QuestionText":"Click to write the question text","DefaultChoices":false,"DataExportTag":"browser","QuestionType":"Meta","Selector":"Browser","Configuration":{"QuestionDescriptionOption":"UseText"},"QuestionDescription":"Click to write the question text","Choices":{"1":{"Display":"Browser","TextEntry":1},"2":{"Display":"Version","TextEntry":1},"3":{"Display":"Operating System","TextEntry":1},"4":{"Display":"Screen Resolution","TextEntry":1},"5":{"Display":"Flash Version","TextEntry":1},"6":{"Display":"Java Support","TextEntry":1},"7":{"Display":"User Agent","TextEntry":1}},"GradingData":[],"Language":[],"NextChoiceId":4,"NextAnswerId":1,"QuestionID":"QID313"}},{"SurveyID":"SV_887kj9vYpIqnBfU","Element":"SQ","PrimaryAttribute":"QID309","SecondaryAttribute":"Finally, hide the question that collects user input from the user via design - style - custom css.","TertiaryAttribute":null,"Payload":{"QuestionText":"<div>Finally, hide the question that collects user input from the user via design -&gt; style -&gt; custom css.<\/div><div><br><\/div><img src=\"https:\/\/immzhaw.eu.qualtrics.com\/CP\/Graphic.php?IM=IM_eQgG3R4vFpoFNiu\" style=\"width: 577px; height: 842px;\">","DefaultChoices":false,"DataExportTag":"How-to6","QuestionType":"DB","Selector":"TB","Configuration":{"QuestionDescriptionOption":"UseText"},"QuestionDescription":"Finally, hide the question that collects user input from the user via design - style - custom css.","ChoiceOrder":[],"Validation":{"Settings":{"Type":"None"}},"GradingData":[],"Language":[],"NextChoiceId":4,"NextAnswerId":1,"QuestionID":"QID309","DataVisibility":{"Private":false,"Hidden":false}}},{"SurveyID":"SV_887kj9vYpIqnBfU","Element":"SQ","PrimaryAttribute":"QID305","SecondaryAttribute":"First integrate Butterfly into a website. To do so embed JQuery, the Butterfly JavaScript and the...","TertiaryAttribute":null,"Payload":{"QuestionText":"First integrate Butterfly into a website. To do so embed JQuery, the Butterfly JavaScript and the class reactOnClick where ever you want to record a click. You can also append enableNextButton when you have previously hidden the next button to allow the user to focus on your website and not on Qualtrics.&nbsp;<br>\n<img src=\"https:\/\/immzhaw.eu.qualtrics.com\/CP\/Graphic.php?IM=IM_03qqWDBrQwpr43k\">","DefaultChoices":false,"DataExportTag":"How-to1","QuestionType":"DB","Selector":"TB","Configuration":{"QuestionDescriptionOption":"UseText"},"QuestionDescription":"First integrate Butterfly into a website. To do so embed JQuery, the Butterfly JavaScript and the...","ChoiceOrder":[],"Validation":{"Settings":{"Type":"None"}},"GradingData":[],"Language":[],"NextChoiceId":4,"NextAnswerId":1,"QuestionID":"QID305"}},{"SurveyID":"SV_887kj9vYpIqnBfU","Element":"SQ","PrimaryAttribute":"QID308","SecondaryAttribute":"Now create a new text question in the same block that will collect the user input. Retrieve the q...","TertiaryAttribute":null,"Payload":{"QuestionText":"Now create a new text question in the same block that will collect the user input. Retrieve the question ID via Qualtrics or in a preview of your survey via browser -&gt; inspect html element. You'll have to enter this ID in the JavaScript of the previous question.<br>\n<img src=\"https:\/\/immzhaw.eu.qualtrics.com\/CP\/Graphic.php?IM=IM_9TSrlYZLU2wQUPY\" style=\"width: 1727px; height: 457px;\">","DefaultChoices":false,"DataExportTag":"How-to5","QuestionType":"DB","Selector":"TB","Configuration":{"QuestionDescriptionOption":"UseText"},"QuestionDescription":"Now create a new text question in the same block that will collect the user input. Retrieve the q...","ChoiceOrder":[],"Validation":{"Settings":{"Type":"None"}},"GradingData":[],"Language":[],"NextChoiceId":4,"NextAnswerId":1,"QuestionID":"QID308"}},{"SurveyID":"SV_887kj9vYpIqnBfU","Element":"SQ","PrimaryAttribute":"QID299","SecondaryAttribute":"Now lets move on to a more sophisticated example. We used Butterfly in combination with the follo...","TertiaryAttribute":null,"Payload":{"QuestionText":"<div>Now lets move on to a more sophisticated example. We used Butterfly in combination with the following ficitious fitness tracking app in a <a href=\"https:\/\/dl.acm.org\/doi\/10.1145\/3411764.3445516\">CHI paper<\/a>.<\/div>\n\n<div>&nbsp;<\/div>","QuestionJS":false,"DefaultChoices":false,"QuestionType":"DB","Selector":"TB","DataVisibility":{"Private":false,"Hidden":false},"Configuration":{"QuestionDescriptionOption":"UseText"},"QuestionDescription":"Now lets move on to a more sophisticated example. We used Butterfly in combination with the follo...","ChoiceOrder":[],"Validation":{"Settings":{"Type":"None"}},"GradingData":[],"Language":[],"NextChoiceId":4,"NextAnswerId":1,"QuestionText_Unsafe":"<div><img src=\"https:\/\/immzhaw.eu.qualtrics.com\/CP\/Graphic.php?IM=IM_87YJxZbhrX94A0S\" style=\"width: 100px; height: 75px;\"><br>\n<br>\nThis is a demo of <strong>Butterfly <\/strong>- a lightweight approach to embed websites into Qualtrics or other survey tools and observe click behavior. For example, it can be used for simple user feedback or in online experiments where control is required but exact timing is not critical (e.g. in controlled usability experiments).<\/div>\n\n<div>&nbsp;<\/div>\n\n<div>Right now you are in the survey tool Qualtrics. It is used to conveniently manage the overall survey flow including consent, random assignment of participants to treatments, manipulation checks, etc. In this survey flow we have one control and one treatment condition. The stimulus website is embedded into Qualtrics via an iFrame. Your clicks are directly tracked inside the stimulus website with the help of a simple JavaScript that needs to be embedded (i.e. you need to have access to the website). Your clicks are directly recorded in a Qualtrics question and can be easily analyzed afterwards. It is therefore not required to manually match a participant's survey inputs with other behavioral data (e.g., server logs, analytics tools) after the survey.&nbsp;<\/div>\n\n<div>&nbsp;<\/div>\n\n<div>You have been randomly assigned to the ${e:\/\/Field\/condition} condition. Now click on the link to proceed to the corresponding stimulus website.&nbsp;<\/div>\n\n<div>&nbsp;<\/div>\n\n<div><a href=\"#\" id=\"myLinkId2\">https:\/\/www.myexperiment.com<\/a><\/div><div><br><\/div><div>(c) Nico Ebert &amp; Bj\u00f6rn Scheppler from Zurich University of Applied Sciences 2021. Published under MIT license.<br><\/div>\n\n<div>&nbsp;<\/div>","DataExportTag":"FitnessApp","QuestionID":"QID299"}},{"SurveyID":"SV_887kj9vYpIqnBfU","Element":"SQ","PrimaryAttribute":"QID303","SecondaryAttribute":"Now we'll show you how to use Butterfly in your own studies.","TertiaryAttribute":null,"Payload":{"QuestionText":"Now we'll show you how to use Butterfly in your own studies.","DefaultChoices":false,"DataExportTag":"How-to","QuestionType":"DB","Selector":"TB","Configuration":{"QuestionDescriptionOption":"UseText"},"QuestionDescription":"Now we'll show you how to use Butterfly in your own studies.","ChoiceOrder":[],"Validation":{"Settings":{"Type":"None"}},"GradingData":[],"Language":[],"NextChoiceId":4,"NextAnswerId":1,"QuestionID":"QID303","DataVisibility":{"Private":false,"Hidden":false}}},{"SurveyID":"SV_887kj9vYpIqnBfU","Element":"SQ","PrimaryAttribute":"QID310","SecondaryAttribute":"Set the iframe properties via survey flow - set embedded data.","TertiaryAttribute":null,"Payload":{"QuestionText":"<div>Set the iframe properties via survey flow -&gt; set embedded data.<\/div><img src=\"https:\/\/immzhaw.eu.qualtrics.com\/CP\/Graphic.php?IM=IM_cYZuDWx7COmLnFA\" style=\"width: 893px; height: 952px;\">","DefaultChoices":false,"DataExportTag":"How-to3","QuestionType":"DB","Selector":"TB","Configuration":{"QuestionDescriptionOption":"UseText"},"QuestionDescription":"Set the iframe properties via survey flow - set embedded data.","ChoiceOrder":[],"Validation":{"Settings":{"Type":"None"}},"GradingData":[],"Language":[],"NextChoiceId":4,"NextAnswerId":1,"QuestionID":"QID310","DataVisibility":{"Private":false,"Hidden":false}}},{"SurveyID":"SV_887kj9vYpIqnBfU","Element":"QG","PrimaryAttribute":"QG_VK5hRSNy2lcIfaz","SecondaryAttribute":"Standard-Quotengruppe","TertiaryAttribute":null,"Payload":{"ID":"QG_VK5hRSNy2lcIfaz","Name":"Standard-Quotengruppe","Selected":true,"MultipleMatch":"PlaceInAll","Public":false,"Quotas":[]}},{"SurveyID":"SV_887kj9vYpIqnBfU","Element":"SQ","PrimaryAttribute":"QID304","SecondaryAttribute":"The recorded user input was: ${q:\/\/QID302\/ChoiceTextEntryValue}","TertiaryAttribute":null,"Payload":{"QuestionText":"The recorded user input was:&nbsp;${q:\/\/QID302\/ChoiceTextEntryValue}","DefaultChoices":false,"DataExportTag":"Clicktrail","QuestionType":"DB","Selector":"TB","DataVisibility":{"Private":false,"Hidden":false},"Configuration":{"QuestionDescriptionOption":"UseText"},"QuestionDescription":"The recorded user input was: ${q:\/\/QID302\/ChoiceTextEntryValue}","ChoiceOrder":[],"Validation":{"Settings":{"Type":"None"}},"GradingData":[],"Language":[],"NextChoiceId":4,"NextAnswerId":1,"QuestionID":"QID304"}},{"SurveyID":"SV_887kj9vYpIqnBfU","Element":"SQ","PrimaryAttribute":"QID230","SecondaryAttribute":"This is a demo of QButterfly - a lightweight approach to embed websites into Qualtrics or other s...","TertiaryAttribute":null,"Payload":{"QuestionText":"<div>This is a demo of <strong>QButterfly <\/strong>- a lightweight approach to embed websites into Qualtrics or other survey tools and observe click behavior. It can be used for simple user feedback or in online experiments (e.g. in controlled usability experiments). It has been used e.g.,&nbsp;<a href=\"https:\/\/dl.acm.org\/doi\/10.1145\/3411764.3445516\">here<\/a>.&nbsp;All code and instructions are available at <a href=\"https:\/\/github.com\/QButterfly\/qbutterfly.github.io\">https:\/\/github.com\/QButterfly\/qbutterfly.github.io<\/a><\/div>\n\n<div>&nbsp;<\/div>\n\n<div>Right now you are in the survey tool Qualtrics. It is used to conveniently manage the overall survey flow including consent, random assignment of participants to treatments, manipulation checks, etc. The stimulus website is embedded into Qualtrics via an iFrame. Your clicks are directly tracked on the stimulus website with the help of a simple JavaScript that needs to be embedded (i.e. you need to have access to the website). Your clicks are recorded in a Qualtrics question and can be easily analyzed afterwards. It is therefore not required to manually match a participant's survey inputs with other behavioral data (e.g., server logs, analytics tools) after the survey.<\/div>\n\n<div>&nbsp;<\/div>\n\n<div>In this example survey flow we have one control and one treatment condition. You have been randomly assigned to the ${e:\/\/Field\/condition} condition. Now click on the link to proceed to the corresponding stimulus website.&nbsp;<\/div>\n\n<div>&nbsp;<\/div>\n\n<div><a href=\"#\" id=\"myLinkId2\">https:\/\/www.myexperiment.com<\/a><\/div>\n\n<div>&nbsp;<\/div>\n\n<div>Please cite as:&nbsp;<\/div>\n\n<div>&nbsp;<\/div>\n\n<div>Ebert, N., Scheppler, B. 2021. QButterfly: a lightweight approach for webtracking with Qualtrics, doi:10.5281\/zenodo.5211544<\/div>\n\n<div>&nbsp;<\/div>\n\n<div>&nbsp;<\/div>\n\n<div>&nbsp;<\/div>","QuestionJS":"Qualtrics.SurveyEngine.addOnload(function()\n{\n\t\/*Place your JavaScript here to run when the page loads*\/\n\n});\n\nQualtrics.SurveyEngine.addOnReady(function()\n{\nvar qobj2 = this;\nqobj2.hideNextButton();\njQuery(\"#myLinkId2\").click(function() { \n qobj2.clickNextButton();\n\t\n});\n\n});\n\nQualtrics.SurveyEngine.addOnUnload(function()\n{\n\t\/*Place your JavaScript here to run when the page is unloaded*\/\n\n});","DefaultChoices":false,"DataExportTag":"Intro","QuestionType":"DB","Selector":"TB","DataVisibility":{"Private":false,"Hidden":false},"Configuration":{"QuestionDescriptionOption":"UseText"},"QuestionDescription":"This is a demo of QButterfly - a lightweight approach to embed websites into Qualtrics or other s...","ChoiceOrder":[],"Validation":{"Settings":{"Type":"None"}},"GradingData":[],"Language":[],"NextChoiceId":4,"NextAnswerId":1,"QuestionID":"QID230"}},{"SurveyID":"SV_887kj9vYpIqnBfU","Element":"SQ","PrimaryAttribute":"QID199","SecondaryAttribute":"This is a recording of your clicks: ${e:\/\/Field\/eventStream}","TertiaryAttribute":null,"Payload":{"QuestionText":"<div>This is a recording of your clicks:<\/div><div><br><\/div><div>${e:\/\/Field\/eventStream}<br><\/div><div><br><\/div>","DefaultChoices":false,"DataExportTag":"Click_Data","QuestionID":"QID199","QuestionType":"DB","Selector":"TB","DataVisibility":{"Private":false,"Hidden":false},"Configuration":{"QuestionDescriptionOption":"UseText"},"QuestionDescription":"This is a recording of your clicks: ${e:\/\/Field\/eventStream}","ChoiceOrder":[],"Validation":{"Settings":{"Type":"None"}},"GradingData":[],"Language":[],"NextChoiceId":4,"NextAnswerId":1}},{"SurveyID":"SV_887kj9vYpIqnBfU","Element":"SQ","PrimaryAttribute":"QID302","SecondaryAttribute":"This is a recording of your clicks:\u00a0 \u00a0${e:\/\/Field\/eventStream}","TertiaryAttribute":null,"Payload":{"QuestionText":"This is a recording of your clicks:&nbsp;<div><br><\/div><div>&nbsp;${e:\/\/Field\/eventStream}\n<div><\/div><\/div>","DefaultChoices":false,"DataExportTag":"Click_Data_2","QuestionID":"QID302","QuestionType":"DB","Selector":"TB","DataVisibility":{"Private":false,"Hidden":false},"Configuration":{"QuestionDescriptionOption":"UseText"},"QuestionDescription":"This is a recording of your clicks:\u00a0 \u00a0${e:\/\/Field\/eventStream}","ChoiceOrder":[],"Validation":{"Settings":{"Type":"None"}},"GradingData":[],"Language":[],"NextChoiceId":4,"NextAnswerId":1}},{"SurveyID":"SV_887kj9vYpIqnBfU","Element":"SQ","PrimaryAttribute":"QID200","SecondaryAttribute":"Timing","TertiaryAttribute":null,"Payload":{"QuestionText":"Timing","DefaultChoices":false,"DataExportTag":"Stimulus Timer","QuestionType":"Timing","Selector":"PageTimer","Configuration":{"QuestionDescriptionOption":"UseText","MinSeconds":"0","MaxSeconds":"0"},"QuestionDescription":"Timing","Choices":{"1":{"Display":"First Click"},"2":{"Display":"Last Click"},"3":{"Display":"Page Submit"},"4":{"Display":"Click Count"}},"GradingData":[],"Language":[],"NextChoiceId":44,"NextAnswerId":1,"QuestionID":"QID200","DataVisibility":{"Private":false,"Hidden":false}}},{"SurveyID":"SV_887kj9vYpIqnBfU","Element":"SQ","PrimaryAttribute":"QID300","SecondaryAttribute":"Timing","TertiaryAttribute":null,"Payload":{"QuestionText":"Timing","DefaultChoices":false,"QuestionType":"Timing","Selector":"PageTimer","Configuration":{"QuestionDescriptionOption":"UseText","MinSeconds":"0","MaxSeconds":"0"},"QuestionDescription":"Timing","Choices":{"1":{"Display":"First Click"},"2":{"Display":"Last Click"},"3":{"Display":"Page Submit"},"4":{"Display":"Click Count"}},"GradingData":[],"Language":[],"NextChoiceId":44,"NextAnswerId":1,"DataVisibility":{"Private":false,"Hidden":false},"QuestionText_Unsafe":"Timing","DataExportTag":"Q300","QuestionID":"QID300"}}]}